
Microsoft Visual Studio Solution File, Format Version 12.00
# Visual Studio 14
VisualStudioVersion = 14.0.24720.0
MinimumVisualStudioVersion = 10.0.40219.1
Project("{FAE04EC0-301F-11D3-BF4B-00C04F79EFBC}") = "BadPractise.Core", "BadPractise.Core\BadPractise.Core.csproj", "{53D7EFC2-74D2-4925-92BE-BBF625D62A33}"
EndProject
Project("{FAE04EC0-301F-11D3-BF4B-00C04F79EFBC}") = "BadPractise.EF", "BadPractise.EF\BadPractise.EF.csproj", "{E5D21693-0E69-49DA-84DE-F3D0A8F7EBC4}"
EndProject
Project("{FAE04EC0-301F-11D3-BF4B-00C04F79EFBC}") = "BadPractise.NH", "BadPractise.NH\BadPractise.NH.csproj", "{CBA4DA59-3B49-4550-AEEF-1DC26D41A79F}"
EndProject
Project("{FAE04EC0-301F-11D3-BF4B-00C04F79EFBC}") = "BadPractise.Wpf", "BadPractise.Wpf\BadPractise.Wpf.csproj", "{865D5A17-994C-415E-958C-1D82765D617A}"
EndProject
Project("{FAE04EC0-301F-11D3-BF4B-00C04F79EFBC}") = "BadPractise.Wpf.Tests", "BadPractise.Wpf.Tests\BadPractise.Wpf.Tests.csproj", "{A0F96581-747E-473A-8707-A03DF91C3F10}"
EndProject
Global
	GlobalSection(SolutionConfigurationPlatforms) = preSolution
		Debug|Any CPU = Debug|Any CPU
		Release|Any CPU = Release|Any CPU
	EndGlobalSection
	GlobalSection(ProjectConfigurationPlatforms) = postSolution
		{53D7EFC2-74D2-4925-92BE-BBF625D62A33}.Debug|Any CPU.ActiveCfg = Debug|Any CPU
		{53D7EFC2-74D2-4925-92BE-BBF625D62A33}.Debug|Any CPU.Build.0 = Debug|Any CPU
		{53D7EFC2-74D2-4925-92BE-BBF625D62A33}.Release|Any CPU.ActiveCfg = Release|Any CPU
		{53D7EFC2-74D2-4925-92BE-BBF625D62A33}.Release|Any CPU.Build.0 = Release|Any CPU
		{E5D21693-0E69-49DA-84DE-F3D0A8F7EBC4}.Debug|Any CPU.ActiveCfg = Debug|Any CPU
		{E5D21693-0E69-49DA-84DE-F3D0A8F7EBC4}.Debug|Any CPU.Build.0 = Debug|Any CPU
		{E5D21693-0E69-49DA-84DE-F3D0A8F7EBC4}.Release|Any CPU.ActiveCfg = Release|Any CPU
		{E5D21693-0E69-49DA-84DE-F3D0A8F7EBC4}.Release|Any CPU.Build.0 = Release|Any CPU
		{CBA4DA59-3B49-4550-AEEF-1DC26D41A79F}.Debug|Any CPU.ActiveCfg = Debug|Any CPU
		{CBA4DA59-3B49-4550-AEEF-1DC26D41A79F}.Debug|Any CPU.Build.0 = Debug|Any CPU
		{CBA4DA59-3B49-4550-AEEF-1DC26D41A79F}.Release|Any CPU.ActiveCfg = Release|Any CPU
		{CBA4DA59-3B49-4550-AEEF-1DC26D41A79F}.Release|Any CPU.Build.0 = Release|Any CPU
		{865D5A17-994C-415E-958C-1D82765D617A}.Debug|Any CPU.ActiveCfg = Debug|Any CPU
		{865D5A17-994C-415E-958C-1D82765D617A}.Debug|Any CPU.Build.0 = Debug|Any CPU
		{865D5A17-994C-415E-958C-1D82765D617A}.Release|Any CPU.ActiveCfg = Release|Any CPU
		{865D5A17-994C-415E-958C-1D82765D617A}.Release|Any CPU.Build.0 = Release|Any CPU
		{A0F96581-747E-473A-8707-A03DF91C3F10}.Debug|Any CPU.ActiveCfg = Debug|Any CPU
		{A0F96581-747E-473A-8707-A03DF91C3F10}.Debug|Any CPU.Build.0 = Debug|Any CPU
		{A0F96581-747E-473A-8707-A03DF91C3F10}.Release|Any CPU.ActiveCfg = Release|Any CPU
		{A0F96581-747E-473A-8707-A03DF91C3F10}.Release|Any CPU.Build.0 = Release|Any CPU
	EndGlobalSection
	GlobalSection(SolutionProperties) = preSolution
		HideSolutionNode = FALSE
	EndGlobalSection
EndGlobal
